{
	"name": "vestaproject",
	"lockfileVersion": 3,
	"requires": true,
	"packages": {
		"": {
			"name": "vestaproject",
			"hasInstallScript": true,
			"dependencies": {
				"@tauri-controls-v2/solid": "^0.4.1"
			},
			"devDependencies": {
				"@biomejs/biome": "^2.3.13",
				"@types/bun": "^1.3.8",
				"@types/node": "^25.2.0"
			},
			"peerDependencies": {
				"typescript": "^5.4.5"
			}
		},
		"node_modules/@biomejs/biome": {
			"version": "2.3.13",
			"dev": true,
			"license": "MIT OR Apache-2.0",
			"bin": {
				"biome": "bin/biome"
			},
			"engines": {
				"node": ">=14.21.3"
			},
			"funding": {
				"type": "opencollective",
				"url": "https://opencollective.com/biome"
			},
			"optionalDependencies": {
				"@biomejs/cli-darwin-arm64": "2.3.13",
				"@biomejs/cli-darwin-x64": "2.3.13",
				"@biomejs/cli-linux-arm64": "2.3.13",
				"@biomejs/cli-linux-arm64-musl": "2.3.13",
				"@biomejs/cli-linux-x64": "2.3.13",
				"@biomejs/cli-linux-x64-musl": "2.3.13",
				"@biomejs/cli-win32-arm64": "2.3.13",
				"@biomejs/cli-win32-x64": "2.3.13"
			}
		},
		"node_modules/@biomejs/cli-darwin-arm64": {
			"version": "2.3.13",
			"resolved": "https://registry.npmjs.org/@biomejs/cli-darwin-arm64/-/cli-darwin-arm64-2.3.13.tgz",
			"integrity": "sha512-0OCwP0/BoKzyJHnFdaTk/i7hIP9JHH9oJJq6hrSCPmJPo8JWcJhprK4gQlhFzrwdTBAW4Bjt/RmCf3ZZe59gwQ==",
			"cpu": [
				"arm64"
			],
			"dev": true,
			"license": "MIT OR Apache-2.0",
			"optional": true,
			"os": [
				"darwin"
			],
			"engines": {
				"node": ">=14.21.3"
			}
		},
		"node_modules/@biomejs/cli-darwin-x64": {
			"version": "2.3.13",
			"resolved": "https://registry.npmjs.org/@biomejs/cli-darwin-x64/-/cli-darwin-x64-2.3.13.tgz",
			"integrity": "sha512-AGr8OoemT/ejynbIu56qeil2+F2WLkIjn2d8jGK1JkchxnMUhYOfnqc9sVzcRxpG9Ycvw4weQ5sprRvtb7Yhcw==",
			"cpu": [
				"x64"
			],
			"dev": true,
			"license": "MIT OR Apache-2.0",
			"optional": true,
			"os": [
				"darwin"
			],
			"engines": {
				"node": ">=14.21.3"
			}
		},
		"node_modules/@biomejs/cli-linux-arm64": {
			"version": "2.3.13",
			"resolved": "https://registry.npmjs.org/@biomejs/cli-linux-arm64/-/cli-linux-arm64-2.3.13.tgz",
			"integrity": "sha512-xvOiFkrDNu607MPMBUQ6huHmBG1PZLOrqhtK6pXJW3GjfVqJg0Z/qpTdhXfcqWdSZHcT+Nct2fOgewZvytESkw==",
			"cpu": [
				"arm64"
			],
			"dev": true,
			"license": "MIT OR Apache-2.0",
			"optional": true,
			"os": [
				"linux"
			],
			"engines": {
				"node": ">=14.21.3"
			}
		},
		"node_modules/@biomejs/cli-linux-arm64-musl": {
			"version": "2.3.13",
			"resolved": "https://registry.npmjs.org/@biomejs/cli-linux-arm64-musl/-/cli-linux-arm64-musl-2.3.13.tgz",
			"integrity": "sha512-TUdDCSY+Eo/EHjhJz7P2GnWwfqet+lFxBZzGHldrvULr59AgahamLs/N85SC4+bdF86EhqDuuw9rYLvLFWWlXA==",
			"cpu": [
				"arm64"
			],
			"dev": true,
			"license": "MIT OR Apache-2.0",
			"optional": true,
			"os": [
				"linux"
			],
			"engines": {
				"node": ">=14.21.3"
			}
		},
		"node_modules/@biomejs/cli-linux-x64": {
			"version": "2.3.13",
			"resolved": "https://registry.npmjs.org/@biomejs/cli-linux-x64/-/cli-linux-x64-2.3.13.tgz",
			"integrity": "sha512-s+YsZlgiXNq8XkgHs6xdvKDFOj/bwTEevqEY6rC2I3cBHbxXYU1LOZstH3Ffw9hE5tE1sqT7U23C00MzkXztMw==",
			"cpu": [
				"x64"
			],
			"dev": true,
			"license": "MIT OR Apache-2.0",
			"optional": true,
			"os": [
				"linux"
			],
			"engines": {
				"node": ">=14.21.3"
			}
		},
		"node_modules/@biomejs/cli-linux-x64-musl": {
			"version": "2.3.13",
			"resolved": "https://registry.npmjs.org/@biomejs/cli-linux-x64-musl/-/cli-linux-x64-musl-2.3.13.tgz",
			"integrity": "sha512-0bdwFVSbbM//Sds6OjtnmQGp4eUjOTt6kHvR/1P0ieR9GcTUAlPNvPC3DiavTqq302W34Ae2T6u5VVNGuQtGlQ==",
			"cpu": [
				"x64"
			],
			"dev": true,
			"license": "MIT OR Apache-2.0",
			"optional": true,
			"os": [
				"linux"
			],
			"engines": {
				"node": ">=14.21.3"
			}
		},
		"node_modules/@biomejs/cli-win32-arm64": {
			"version": "2.3.13",
			"resolved": "https://registry.npmjs.org/@biomejs/cli-win32-arm64/-/cli-win32-arm64-2.3.13.tgz",
			"integrity": "sha512-QweDxY89fq0VvrxME+wS/BXKmqMrOTZlN9SqQ79kQSIc3FrEwvW/PvUegQF6XIVaekncDykB5dzPqjbwSKs9DA==",
			"cpu": [
				"arm64"
			],
			"dev": true,
			"license": "MIT OR Apache-2.0",
			"optional": true,
			"os": [
				"win32"
			],
			"engines": {
				"node": ">=14.21.3"
			}
		},
		"node_modules/@biomejs/cli-win32-x64": {
			"version": "2.3.13",
			"cpu": [
				"x64"
			],
			"dev": true,
			"license": "MIT OR Apache-2.0",
			"optional": true,
			"os": [
				"win32"
			],
			"engines": {
				"node": ">=14.21.3"
			}
		},
		"node_modules/@tauri-controls-v2/solid": {
			"version": "0.4.1",
			"resolved": "https://registry.npmjs.org/@tauri-controls-v2/solid/-/solid-0.4.1.tgz",
			"integrity": "sha512-uQ82wWqjDB7fc9kJVI5sdhKnP5Ccn02pMDw2x0ed2NLPEbtx21Uu2BqX2FN84f0wiklO4p18ILONEd/busZ28Q==",
			"license": "MIT",
			"peerDependencies": {
				"solid-js": "^1.9.5",
				"tailwind-merge": "^3.0.1"
			}
		},
		"node_modules/@types/bun": {
			"version": "1.3.8",
			"dev": true,
			"license": "MIT",
			"dependencies": {
				"bun-types": "1.3.8"
			}
		},
		"node_modules/@types/node": {
			"version": "25.2.0",
			"dev": true,
			"license": "MIT",
			"dependencies": {
				"undici-types": "~7.16.0"
			}
		},
		"node_modules/bun-types": {
			"version": "1.3.8",
			"dev": true,
			"license": "MIT",
			"dependencies": {
				"@types/node": "*"
			}
		},
		"node_modules/csstype": {
			"version": "3.2.2",
			"license": "MIT",
			"peer": true
		},
		"node_modules/seroval": {
			"version": "1.5.0",
			"resolved": "https://registry.npmjs.org/seroval/-/seroval-1.5.0.tgz",
			"integrity": "sha512-OE4cvmJ1uSPrKorFIH9/w/Qwuvi/IMcGbv5RKgcJ/zjA/IohDLU6SVaxFN9FwajbP7nsX0dQqMDes1whk3y+yw==",
			"license": "MIT",
			"peer": true,
			"engines": {
				"node": ">=10"
			}
		},
		"node_modules/seroval-plugins": {
			"version": "1.5.0",
			"resolved": "https://registry.npmjs.org/seroval-plugins/-/seroval-plugins-1.5.0.tgz",
			"integrity": "sha512-EAHqADIQondwRZIdeW2I636zgsODzoBDwb3PT/+7TLDWyw1Dy/Xv7iGUIEXXav7usHDE9HVhOU61irI3EnyyHA==",
			"license": "MIT",
			"peer": true,
			"engines": {
				"node": ">=10"
			},
			"peerDependencies": {
				"seroval": "^1.0"
			}
		},
		"node_modules/solid-js": {
			"version": "1.9.11",
			"resolved": "https://registry.npmjs.org/solid-js/-/solid-js-1.9.11.tgz",
			"integrity": "sha512-WEJtcc5mkh/BnHA6Yrg4whlF8g6QwpmXXRg4P2ztPmcKeHHlH4+djYecBLhSpecZY2RRECXYUwIc/C2r3yzQ4Q==",
			"license": "MIT",
			"peer": true,
			"dependencies": {
				"csstype": "^3.1.0",
				"seroval": "~1.5.0",
				"seroval-plugins": "~1.5.0"
			}
		},
		"node_modules/tailwind-merge": {
			"version": "3.5.0",
			"resolved": "https://registry.npmjs.org/tailwind-merge/-/tailwind-merge-3.5.0.tgz",
			"integrity": "sha512-I8K9wewnVDkL1NTGoqWmVEIlUcB9gFriAEkXkfCjX5ib8ezGxtR3xD7iZIxrfArjEsH7F1CHD4RFUtxefdqV/A==",
			"license": "MIT",
			"peer": true,
			"funding": {
				"type": "github",
				"url": "https://github.com/sponsors/dcastil"
			}
		},
		"node_modules/typescript": {
			"version": "5.4.5",
			"license": "Apache-2.0",
			"peer": true,
			"bin": {
				"tsc": "bin/tsc",
				"tsserver": "bin/tsserver"
			},
			"engines": {
				"node": ">=14.17"
			}
		},
		"node_modules/undici-types": {
			"version": "7.16.0",
			"dev": true,
			"license": "MIT"
		}
	}
}
